<?xml version="1.0" encoding="utf-8"?>
<Project ToolsVersion="4.0" xmlns="http://schemas.microsoft.com/developer/msbuild/2003">
  <ItemGroup>
    <Filter Include="Source Files">
      <UniqueIdentifier>{4FC737F1-C7A5-4376-A066-2A32D752A2FF}</UniqueIdentifier>
      <Extensions>cpp;c;cc;cxx;c++;cppm;ixx;def;odl;idl;hpj;bat;asm;asmx</Extensions>
    </Filter>
    <Filter Include="Header Files">
      <UniqueIdentifier>{93995380-89BD-4b04-88EB-625FBE52EBFB}</UniqueIdentifier>
      <Extensions>h;hh;hpp;hxx;h++;hm;inl;inc;ipp;xsd</Extensions>
    </Filter>
    <Filter Include="Resource Files">
      <UniqueIdentifier>{67DA6AB6-F800-4c08-8B7A-83BB121AAD01}</UniqueIdentifier>
      <Extensions>rc;ico;cur;bmp;dlg;rc2;rct;bin;rgs;gif;jpg;jpeg;jpe;resx;tiff;tif;png;wav;mfcribbon-ms</Extensions>
    </Filter>
  </ItemGroup>
  <ItemGroup>
    <ClCompile Include="stb_write.cpp">
      <Filter>Source Files</Filter>
    </ClCompile>
    <ClCompile Include="glad.c">
      <Filter>Source Files</Filter>
    </ClCompile>
    <ClCompile Include="Source_files\AddGaussianNoise.cpp">
      <Filter>Source Files</Filter>
    </ClCompile>
    <ClCompile Include="Source_files\AddIDWTSubbands.cpp">
      <Filter>Source Files</Filter>
    </ClCompile>
    <ClCompile Include="Source_files\ApplyTransform.cpp">
      <Filter>Source Files</Filter>
    </ClCompile>
    <ClCompile Include="Source_files\GaussianNoise.cpp">
      <Filter>Source Files</Filter>
    </ClCompile>
    <ClCompile Include="Source_files\Main.cpp">
      <Filter>Source Files</Filter>
    </ClCompile>
    <ClCompile Include="Source_files\ShaderProgram.cpp">
      <Filter>Source Files</Filter>
    </ClCompile>
    <ClCompile Include="Source_files\ShaderSource.cpp">
      <Filter>Source Files</Filter>
    </ClCompile>
    <ClCompile Include="Source_files\SoftThreshold.cpp">
      <Filter>Source Files</Filter>
    </ClCompile>
    <ClCompile Include="Source_files\SortSubbendLocal.cpp">
      <Filter>Source Files</Filter>
    </ClCompile>
    <ClCompile Include="Source_files\Texture.cpp">
      <Filter>Source Files</Filter>
    </ClCompile>
    <ClCompile Include="Source_files\TransposeRegion.cpp">
      <Filter>Source Files</Filter>
    </ClCompile>
    <ClCompile Include="Source_files\UpsampleSubband.cpp">
      <Filter>Source Files</Filter>
    </ClCompile>
    <ClCompile Include="Source_files\VAO.cpp">
      <Filter>Source Files</Filter>
    </ClCompile>
    <ClCompile Include="Source_files\VBO.cpp">
      <Filter>Source Files</Filter>
    </ClCompile>
    <ClCompile Include="stb.cpp">
      <Filter>Source Files</Filter>
    </ClCompile>
  </ItemGroup>
  <ItemGroup>
    <None Include="Compute_shaders\Add_Gaussian_Noise_DYNAMIC.glsl">
      <Filter>Resource Files</Filter>
    </None>
    <None Include="Compute_shaders\apply_DWT_matrix_DYNAMIC.glsl">
      <Filter>Resource Files</Filter>
    </None>
    <None Include="Compute_shaders\apply_IDWT_matrix_DYNAMIC.glsl">
      <Filter>Resource Files</Filter>
    </None>
    <None Include="Compute_shaders\Soft_threshold_DYNAMIC.glsl">
      <Filter>Resource Files</Filter>
    </None>
    <None Include="Compute_shaders\Sort_subband_LOCAL_DYNAMIC.glsl">
      <Filter>Resource Files</Filter>
    </None>
    <None Include="Compute_shaders\transpose_region_DYNAMIC.glsl">
      <Filter>Resource Files</Filter>
    </None>
    <None Include="Compute_shaders\undo_gamma_correction_DYNAMIC.glsl">
      <Filter>Resource Files</Filter>
    </None>
    <None Include="Compute_shaders\upsample_subband_DYNAMIC.glsl">
      <Filter>Resource Files</Filter>
    </None>
    <None Include="Compute_shaders\add_textures_dwt_inverse_DYNAMIC.glsl">
      <Filter>Resource Files</Filter>
    </None>
    <None Include="Fragment_shaders\display_DWT.fs">
      <Filter>Resource Files</Filter>
    </None>
    <None Include="Vertex_shaders\vertex_shader.vs">
      <Filter>Resource Files</Filter>
    </None>
  </ItemGroup>
  <ItemGroup>
    <Image Include="CAMERAMAN_ORIGINAL.png">
      <Filter>Resource Files</Filter>
    </Image>
  </ItemGroup>
  <ItemGroup>
    <ClInclude Include="Header_files\DiscreteWaveletTransform.h">
      <Filter>Header Files</Filter>
    </ClInclude>
    <ClInclude Include="Header_files\ShaderProgram.h">
      <Filter>Header Files</Filter>
    </ClInclude>
    <ClInclude Include="Header_files\ShaderSource.h">
      <Filter>Header Files</Filter>
    </ClInclude>
    <ClInclude Include="Header_files\Texture.h">
      <Filter>Header Files</Filter>
    </ClInclude>
    <ClInclude Include="Header_files\VAO.h">
      <Filter>Header Files</Filter>
    </ClInclude>
    <ClInclude Include="Header_files\VBO.h">
      <Filter>Header Files</Filter>
    </ClInclude>
    <ClInclude Include="..\..\..\..\..\Libraries\MyLibraries\includeOpenGL\stb\stb_image.h">
      <Filter>Header Files</Filter>
    </ClInclude>
  </ItemGroup>
</Project>